Lr! D�CDD�R3�91!4�!!H,@�D@�-���yhrG���m�ޗ��k7��]oz�"�}5ַ��[�vm�����"���ɪ�H�o�k7��&������k7��Mu�������{��oF�׷��^��:�Ny���m�mʗ����V���y׏���Z��슉��^>jZaj���[�vm�����"���ɪ�H�o�ʗ����V�������V��ϵ�^>jZaj�3٧]�G<��]�{N�Ӎ���8�Owo����<�*^��ڱ��;5ۛޮȨ�]���(�����i���z����j��(��r��?m�돣���m�돣��v��3�͛ێ�ׯZ�����^㾜�8�W|�wy�*^��!j.5����*'�]�z�%��a��l��ނ+-�,��zd��&�ܩz�܅����!j/��k`��Z���\}�ti�4��s�;�n^w�}u���ܩz�܆�"u���{ޮȨ�^���(�����i���z����j��(��r��?r$�֫��܆�"u��׽�7�ݦ���4����m�i�4痝�]q�\k�^���zw"z�r��?��^�*^��b}������*'�m�z�%��a��l��ނ+-�,��zd��&�ܩz�݉����b}���k`χz�y߽�ٮ��mߝ�����]���zw^�ܩz�޽������*'�]+z�%��a��l��ނ+-�,��zd��&�ܩz�޽�����z���ϵ�K`���շ����s_8�7���;o�=��t�Ǵ�ܩz�߳籶���kޮȨ��6��(�����i���z����j��(��r��?~Ϟ�����߳籶���M��>���[m�9���m�6��Z�w=o��w�;��m�^���zw"z�r��?��^�*^��%��ޮȨ��7淬�[�vm�����"���ɪ�H�o�ʗ��	ho���Z��7��3է��W<�gq�xӎ7o��ێ�ۗ<�_=}�u�^�קr'��*^���z{l�*^����)���mʗ��zzܩz��ji��;6�~oz�"�}�ߚ޲�oy�m��?�����k�&��� r���*^��Z�g�����������ߛ`϶�s�ts�y�w{m�}�<wf�}���κk���ܩz��jɢ����o���Z��슉��m�jZaj���[�vm�����"���ɪ�H�o�ʗ��6��)����jɢ���m�jZaj�3y�y�7}�6y�����}�um�7�G8�w��߷*^����)���oz�"�}�޷��[�vm�����"���ɪ�H�o�ʗ��h��f�r��h��f�r��{`�w\kG�}��Ms�u�\��}��v��u�}vܩz��x���u�KޮȨ�]���(�����i���z����j��(��r��?�)�+-���x���~�m-�>�km�ݧv�Ɵ�O{N�u�}o~�y�ӭ��r��?��^��슉��o+z�%��a��l��ނ+-�,��zd��&�ܩz��׿���u��o-�?:�N�ק�wݹ���ׯv{8ۮm���Ɲ�Kr��?��^�O<�*^���u��ޮȨ��<򷬢[�vm�����"���ɪ�H�o�ʗ��z{����^��<��3�|]Z���|wݛ��;�M��o���Ὰ�*^����}�z�"�}4�j޲�oy�m��?�����k�&��� r���*^�������M���wo8{�����n]k�6m��s͚�}�����mʗ��ǥzx���m����ӻޮȨ�};��(�����i���z����j��(��r��?��^�+���v��z���ǥzx���m�����N�>]߭wwV��ƴ��w_z�v�k�9�}v�����r��?��^�+���v��z���~mʗ��ǥzx���m�����}���슉��~6��(�����i���z����j��(��r��?��^�+���v��z���ǥzx���m����۝���3����Nvy֟f���u����x����Ɯ�*^��!zYc�N���슉���޲�oy�m��?�����k�&��� r���*^��!zYc������;>ӿ-�>�ޞ{�v��|w��k�<k�k�6}�_�ym�^���zw"z�r��?�Z�*^���u�r��?���q�j�9����*'ӝkz�%��a��l��ނ+-�,��zd��&�ܩz����{隧�����q�j���[`Ϸ����wN�o~�k�vߞ�y��y��i�km��ܩz����^�;4�����슉������(�����i���z����j��(��r��?�+-zh������^�;>�_w��3{ݴ��u�<{n�w�9sM�^t{�s��學��ܢjh�����.��&��^����]8��슉���޲�oy�m��?�����k�&��� r����ܢjh�����.��&��^������r�-�o��鞞�>�O-�6�oǟ�n<����Zw���u�_{w6m����Z���m/z�"�}6ַ��[�vm�����"���ɪ�H�o�jǺ����돴�[`Ͷ�k��ӽ<{_:�Nt뗺鶛u�ߗ�M6�5+ky��ӋޮȨ�]���(�����i���z����j��(��R8ԭ�����H�R�����w��3�N��^�WZ{׵��[q�w�M���;�޺�Zu�^�קr'���'���{]���